
Microsoft Visual Studio Solution File, Format Version 12.00
# Visual Studio Version 16
VisualStudioVersion = 16.0.29509.3
MinimumVisualStudioVersion = 10.0.40219.1
Project("{8BC9CEB8-8B4A-11D0-8D11-00A0C91BC942}") = "Lab5", "Lab5\Lab5.vcxproj", "{C286CFE3-AFF9-413B-AA01-A472F5B38D9E}"
EndProject
Global
	GlobalSection(SolutionConfigurationPlatforms) = preSolution
		Debug|x64 = Debug|x64
		Debug|x86 = Debug|x86
		Release|x64 = Release|x64
		Release|x86 = Release|x86
	EndGlobalSection
	GlobalSection(ProjectConfigurationPlatforms) = postSolution
		{C286CFE3-AFF9-413B-AA01-A472F5B38D9E}.Debug|x64.ActiveCfg = Debug|x64
		{C286CFE3-AFF9-413B-AA01-A472F5B38D9E}.Debug|x64.Build.0 = Debug|x64
		{C286CFE3-AFF9-413B-AA01-A472F5B38D9E}.Debug|x86.ActiveCfg = Debug|Win32
		{C286CFE3-AFF9-413B-AA01-A472F5B38D9E}.Debug|x86.Build.0 = Debug|Win32
		{C286CFE3-AFF9-413B-AA01-A472F5B38D9E}.Release|x64.ActiveCfg = Release|x64
		{C286CFE3-AFF9-413B-AA01-A472F5B38D9E}.Release|x64.Build.0 = Release|x64
		{C286CFE3-AFF9-413B-AA01-A472F5B38D9E}.Release|x86.ActiveCfg = Release|Win32
		{C286CFE3-AFF9-413B-AA01-A472F5B38D9E}.Release|x86.Build.0 = Release|Win32
	EndGlobalSection
	GlobalSection(SolutionProperties) = preSolution
		HideSolutionNode = FALSE
	EndGlobalSection
	GlobalSection(ExtensibilityGlobals) = postSolution
		SolutionGuid = {DF253DDE-32BD-40E7-8C39-2154C55D9C4F}
	EndGlobalSection
EndGlobal
